// !$*UTF8*$!
{
	archiveVersion = 1;
	classes = {
	};
	objectVersion = 77;
	objects = {

/* Begin PBXBuildFile section */
		6B1B1A622CF0ECAF00E7328A /* Assets.xcassets in Resources */ = {isa = PBXBuildFile; fileRef = 6B1B1A572CF0ECAF00E7328A /* Assets.xcassets */; };
		6B1B1A642CF0ECAF00E7328A /* LaunchScreen.storyboard in Resources */ = {isa = PBXBuildFile; fileRef = 6B1B1A5A2CF0ECAF00E7328A /* LaunchScreen.storyboard */; };
		6B1B1A652CF0ECAF00E7328A /* Root.storyboard in Resources */ = {isa = PBXBuildFile; fileRef = 6B1B1A5C2CF0ECAF00E7328A /* Root.storyboard */; };
		6B1B1A662CF0ECAF00E7328A /* AppDelegate.swift in Sources */ = {isa = PBXBuildFile; fileRef = 6B1B1A562CF0ECAF00E7328A /* AppDelegate.swift */; };
		6B1B1A672CF0ECAF00E7328A /* PersonalDiary.xcdatamodeld in Sources */ = {isa = PBXBuildFile; fileRef = 6B1B1A5D2CF0ECAF00E7328A /* PersonalDiary.xcdatamodeld */; };
		6B1B1A682CF0ECAF00E7328A /* SceneDelegate.swift in Sources */ = {isa = PBXBuildFile; fileRef = 6B1B1A5E2CF0ECAF00E7328A /* SceneDelegate.swift */; };
		6B1B1A692CF0ECAF00E7328A /* RootViewController.swift in Sources */ = {isa = PBXBuildFile; fileRef = 6B1B1A5F2CF0ECAF00E7328A /* RootViewController.swift */; };
		6B1B1A6D2CF0EDF800E7328A /* TabBarViewController.swift in Sources */ = {isa = PBXBuildFile; fileRef = 6B1B1A6C2CF0EDF800E7328A /* TabBarViewController.swift */; };
		6B1B1A6F2CF0EE0100E7328A /* CustomTabBar.swift in Sources */ = {isa = PBXBuildFile; fileRef = 6B1B1A6E2CF0EE0100E7328A /* CustomTabBar.swift */; };
		6B1B1A742CF0EE6200E7328A /* CalendarViewController.xib in Resources */ = {isa = PBXBuildFile; fileRef = 6B1B1A732CF0EE6200E7328A /* CalendarViewController.xib */; };
		6B1B1A752CF0EE6200E7328A /* CalendarViewController.swift in Sources */ = {isa = PBXBuildFile; fileRef = 6B1B1A722CF0EE6200E7328A /* CalendarViewController.swift */; };
		6B1B1A7A2CF0EE7F00E7328A /* SettingsViewController.swift in Sources */ = {isa = PBXBuildFile; fileRef = 6B1B1A782CF0EE7F00E7328A /* SettingsViewController.swift */; };
		6B1B1A7B2CF0EE7F00E7328A /* SettingsViewController.xib in Resources */ = {isa = PBXBuildFile; fileRef = 6B1B1A792CF0EE7F00E7328A /* SettingsViewController.xib */; };
		6B1B1A832CF2789700E7328A /* RecordFormViewController.swift in Sources */ = {isa = PBXBuildFile; fileRef = 6B1B1A812CF2789700E7328A /* RecordFormViewController.swift */; };
		6B1B1A842CF2789700E7328A /* RecordFormViewController.xib in Resources */ = {isa = PBXBuildFile; fileRef = 6B1B1A822CF2789700E7328A /* RecordFormViewController.xib */; };
		6B1B1A962CF27A1F00E7328A /* SFProText-Medium.ttf in Resources */ = {isa = PBXBuildFile; fileRef = 6B1B1A8B2CF27A1F00E7328A /* SFProText-Medium.ttf */; };
		6B1B1A972CF27A1F00E7328A /* SFProText-Regular.ttf in Resources */ = {isa = PBXBuildFile; fileRef = 6B1B1A8C2CF27A1F00E7328A /* SFProText-Regular.ttf */; };
		6B1B1A982CF27A1F00E7328A /* SFProText-Semibold.ttf in Resources */ = {isa = PBXBuildFile; fileRef = 6B1B1A8D2CF27A1F00E7328A /* SFProText-Semibold.ttf */; };
		6B1B1A9A2CF27A1F00E7328A /* Font.swift in Sources */ = {isa = PBXBuildFile; fileRef = 6B1B1A892CF27A1F00E7328A /* Font.swift */; };
		6B1B1A9B2CF27A1F00E7328A /* PaddingTextField.swift in Sources */ = {isa = PBXBuildFile; fileRef = 6B1B1A8F2CF27A1F00E7328A /* PaddingTextField.swift */; };
		6B1B1A9D2CF27A1F00E7328A /* UITextField.swift in Sources */ = {isa = PBXBuildFile; fileRef = 6B1B1A932CF27A1F00E7328A /* UITextField.swift */; };
		6B1B1A9E2CF27A1F00E7328A /* ShadowView.swift in Sources */ = {isa = PBXBuildFile; fileRef = 6B1B1A912CF27A1F00E7328A /* ShadowView.swift */; };
		6B1B1A9F2CF27A1F00E7328A /* PaddingTextView.swift in Sources */ = {isa = PBXBuildFile; fileRef = 6B1B1A902CF27A1F00E7328A /* PaddingTextView.swift */; };
		6B1B1AA02CF27A1F00E7328A /* BaseButton.swift in Sources */ = {isa = PBXBuildFile; fileRef = 6B1B1A862CF27A1F00E7328A /* BaseButton.swift */; };
		6B1B1AA12CF27A1F00E7328A /* UIView.swift in Sources */ = {isa = PBXBuildFile; fileRef = 6B1B1A942CF27A1F00E7328A /* UIView.swift */; };
		6B1B1AA22CF27A1F00E7328A /* String.swift in Sources */ = {isa = PBXBuildFile; fileRef = 6B1B1A922CF27A1F00E7328A /* String.swift */; };
		6B1B1AA42CF27A1F00E7328A /* ViewController.swift in Sources */ = {isa = PBXBuildFile; fileRef = 6B1B1A952CF27A1F00E7328A /* ViewController.swift */; };
		6BC785502CF28131004C0B46 /* BaseTextView.swift in Sources */ = {isa = PBXBuildFile; fileRef = 6BC7854F2CF28131004C0B46 /* BaseTextView.swift */; };
		6BC785532CF28306004C0B46 /* RecordModel.swift in Sources */ = {isa = PBXBuildFile; fileRef = 6BC785522CF28306004C0B46 /* RecordModel.swift */; };
		6BC785562CF283D2004C0B46 /* RecordFormViewModel.swift in Sources */ = {isa = PBXBuildFile; fileRef = 6BC785552CF283D2004C0B46 /* RecordFormViewModel.swift */; };
		6BC785592CF2843D004C0B46 /* CoreDataManager.swift in Sources */ = {isa = PBXBuildFile; fileRef = 6BC785582CF2843D004C0B46 /* CoreDataManager.swift */; };
		6BC7855C2CF28A8C004C0B46 /* CalendarViewModel.swift in Sources */ = {isa = PBXBuildFile; fileRef = 6BC7855B2CF28A8C004C0B46 /* CalendarViewModel.swift */; };
		6BC7855E2CF28B9B004C0B46 /* Date.swift in Sources */ = {isa = PBXBuildFile; fileRef = 6BC7855D2CF28B9B004C0B46 /* Date.swift */; };
		86824059CC8B08B4377007BB /* Pods_PersonalDiary.framework in Frameworks */ = {isa = PBXBuildFile; fileRef = 3737AF9D04BAFF3C6E993EF4 /* Pods_PersonalDiary.framework */; };
/* End PBXBuildFile section */

/* Begin PBXFileReference section */
		2E72C881673327BDF3050F8F /* Pods-PersonalDiary.release.xcconfig */ = {isa = PBXFileReference; includeInIndex = 1; lastKnownFileType = text.xcconfig; name = "Pods-PersonalDiary.release.xcconfig"; path = "Target Support Files/Pods-PersonalDiary/Pods-PersonalDiary.release.xcconfig"; sourceTree = "<group>"; };
		3737AF9D04BAFF3C6E993EF4 /* Pods_PersonalDiary.framework */ = {isa = PBXFileReference; explicitFileType = wrapper.framework; includeInIndex = 0; path = Pods_PersonalDiary.framework; sourceTree = BUILT_PRODUCTS_DIR; };
		40D455CD2DF5C4380C9AF643 /* Pods-PersonalDiary.debug.xcconfig */ = {isa = PBXFileReference; includeInIndex = 1; lastKnownFileType = text.xcconfig; name = "Pods-PersonalDiary.debug.xcconfig"; path = "Target Support Files/Pods-PersonalDiary/Pods-PersonalDiary.debug.xcconfig"; sourceTree = "<group>"; };
		6B1B1A3B2CF0ECA600E7328A /* PersonalDiary.app */ = {isa = PBXFileReference; explicitFileType = wrapper.application; includeInIndex = 0; path = PersonalDiary.app; sourceTree = BUILT_PRODUCTS_DIR; };
		6B1B1A562CF0ECAF00E7328A /* AppDelegate.swift */ = {isa = PBXFileReference; lastKnownFileType = sourcecode.swift; path = AppDelegate.swift; sourceTree = "<group>"; };
		6B1B1A572CF0ECAF00E7328A /* Assets.xcassets */ = {isa = PBXFileReference; lastKnownFileType = folder.assetcatalog; path = Assets.xcassets; sourceTree = "<group>"; };
		6B1B1A582CF0ECAF00E7328A /* Info.plist */ = {isa = PBXFileReference; lastKnownFileType = text.plist.xml; path = Info.plist; sourceTree = "<group>"; };
		6B1B1A592CF0ECAF00E7328A /* Base */ = {isa = PBXFileReference; lastKnownFileType = file.storyboard; name = Base; path = Base.lproj/LaunchScreen.storyboard; sourceTree = "<group>"; };
		6B1B1A5B2CF0ECAF00E7328A /* Base */ = {isa = PBXFileReference; lastKnownFileType = file.storyboard; name = Base; path = Base.lproj/Root.storyboard; sourceTree = "<group>"; };
		6B1B1A5E2CF0ECAF00E7328A /* SceneDelegate.swift */ = {isa = PBXFileReference; lastKnownFileType = sourcecode.swift; path = SceneDelegate.swift; sourceTree = "<group>"; };
		6B1B1A5F2CF0ECAF00E7328A /* RootViewController.swift */ = {isa = PBXFileReference; lastKnownFileType = sourcecode.swift; path = RootViewController.swift; sourceTree = "<group>"; };
		6B1B1A612CF0ECAF00E7328A /* PersonalDiary.xcdatamodel */ = {isa = PBXFileReference; lastKnownFileType = wrapper.xcdatamodel; path = PersonalDiary.xcdatamodel; sourceTree = "<group>"; };
		6B1B1A6C2CF0EDF800E7328A /* TabBarViewController.swift */ = {isa = PBXFileReference; lastKnownFileType = sourcecode.swift; path = TabBarViewController.swift; sourceTree = "<group>"; };
		6B1B1A6E2CF0EE0100E7328A /* CustomTabBar.swift */ = {isa = PBXFileReference; lastKnownFileType = sourcecode.swift; path = CustomTabBar.swift; sourceTree = "<group>"; };
		6B1B1A722CF0EE6200E7328A /* CalendarViewController.swift */ = {isa = PBXFileReference; lastKnownFileType = sourcecode.swift; path = CalendarViewController.swift; sourceTree = "<group>"; };
		6B1B1A732CF0EE6200E7328A /* CalendarViewController.xib */ = {isa = PBXFileReference; lastKnownFileType = file.xib; path = CalendarViewController.xib; sourceTree = "<group>"; };
		6B1B1A782CF0EE7F00E7328A /* SettingsViewController.swift */ = {isa = PBXFileReference; lastKnownFileType = sourcecode.swift; path = SettingsViewController.swift; sourceTree = "<group>"; };
		6B1B1A792CF0EE7F00E7328A /* SettingsViewController.xib */ = {isa = PBXFileReference; lastKnownFileType = file.xib; path = SettingsViewController.xib; sourceTree = "<group>"; };
		6B1B1A812CF2789700E7328A /* RecordFormViewController.swift */ = {isa = PBXFileReference; lastKnownFileType = sourcecode.swift; path = RecordFormViewController.swift; sourceTree = "<group>"; };
		6B1B1A822CF2789700E7328A /* RecordFormViewController.xib */ = {isa = PBXFileReference; lastKnownFileType = file.xib; path = RecordFormViewController.xib; sourceTree = "<group>"; };
		6B1B1A862CF27A1F00E7328A /* BaseButton.swift */ = {isa = PBXFileReference; lastKnownFileType = sourcecode.swift; path = BaseButton.swift; sourceTree = "<group>"; };
		6B1B1A892CF27A1F00E7328A /* Font.swift */ = {isa = PBXFileReference; lastKnownFileType = sourcecode.swift; path = Font.swift; sourceTree = "<group>"; };
		6B1B1A8B2CF27A1F00E7328A /* SFProText-Medium.ttf */ = {isa = PBXFileReference; lastKnownFileType = file; path = "SFProText-Medium.ttf"; sourceTree = "<group>"; };
		6B1B1A8C2CF27A1F00E7328A /* SFProText-Regular.ttf */ = {isa = PBXFileReference; lastKnownFileType = file; path = "SFProText-Regular.ttf"; sourceTree = "<group>"; };
		6B1B1A8D2CF27A1F00E7328A /* SFProText-Semibold.ttf */ = {isa = PBXFileReference; lastKnownFileType = file; path = "SFProText-Semibold.ttf"; sourceTree = "<group>"; };
		6B1B1A8F2CF27A1F00E7328A /* PaddingTextField.swift */ = {isa = PBXFileReference; lastKnownFileType = sourcecode.swift; path = PaddingTextField.swift; sourceTree = "<group>"; };
		6B1B1A902CF27A1F00E7328A /* PaddingTextView.swift */ = {isa = PBXFileReference; lastKnownFileType = sourcecode.swift; path = PaddingTextView.swift; sourceTree = "<group>"; };
		6B1B1A912CF27A1F00E7328A /* ShadowView.swift */ = {isa = PBXFileReference; lastKnownFileType = sourcecode.swift; path = ShadowView.swift; sourceTree = "<group>"; };
		6B1B1A922CF27A1F00E7328A /* String.swift */ = {isa = PBXFileReference; lastKnownFileType = sourcecode.swift; path = String.swift; sourceTree = "<group>"; };
		6B1B1A932CF27A1F00E7328A /* UITextField.swift */ = {isa = PBXFileReference; lastKnownFileType = sourcecode.swift; path = UITextField.swift; sourceTree = "<group>"; };
		6B1B1A942CF27A1F00E7328A /* UIView.swift */ = {isa = PBXFileReference; lastKnownFileType = sourcecode.swift; path = UIView.swift; sourceTree = "<group>"; };
		6B1B1A952CF27A1F00E7328A /* ViewController.swift */ = {isa = PBXFileReference; lastKnownFileType = sourcecode.swift; path = ViewController.swift; sourceTree = "<group>"; };
		6BC7854F2CF28131004C0B46 /* BaseTextView.swift */ = {isa = PBXFileReference; lastKnownFileType = sourcecode.swift; path = BaseTextView.swift; sourceTree = "<group>"; };
		6BC785522CF28306004C0B46 /* RecordModel.swift */ = {isa = PBXFileReference; lastKnownFileType = sourcecode.swift; path = RecordModel.swift; sourceTree = "<group>"; };
		6BC785552CF283D2004C0B46 /* RecordFormViewModel.swift */ = {isa = PBXFileReference; lastKnownFileType = sourcecode.swift; path = RecordFormViewModel.swift; sourceTree = "<group>"; };
		6BC785582CF2843D004C0B46 /* CoreDataManager.swift */ = {isa = PBXFileReference; lastKnownFileType = sourcecode.swift; path = CoreDataManager.swift; sourceTree = "<group>"; };
		6BC7855B2CF28A8C004C0B46 /* CalendarViewModel.swift */ = {isa = PBXFileReference; lastKnownFileType = sourcecode.swift; path = CalendarViewModel.swift; sourceTree = "<group>"; };
		6BC7855D2CF28B9B004C0B46 /* Date.swift */ = {isa = PBXFileReference; lastKnownFileType = sourcecode.swift; path = Date.swift; sourceTree = "<group>"; };
/* End PBXFileReference section */

/* Begin PBXFrameworksBuildPhase section */
		6B1B1A382CF0ECA600E7328A /* Frameworks */ = {
			isa = PBXFrameworksBuildPhase;
			buildActionMask = 2147483647;
			files = (
				86824059CC8B08B4377007BB /* Pods_PersonalDiary.framework in Frameworks */,
			);
			runOnlyForDeploymentPostprocessing = 0;
		};
/* End PBXFrameworksBuildPhase section */

/* Begin PBXGroup section */
		69863930BD780AA06D49BA30 /* Frameworks */ = {
			isa = PBXGroup;
			children = (
				3737AF9D04BAFF3C6E993EF4 /* Pods_PersonalDiary.framework */,
			);
			name = Frameworks;
			sourceTree = "<group>";
		};
		6B1B1A322CF0ECA600E7328A = {
			isa = PBXGroup;
			children = (
				6B1B1A602CF0ECAF00E7328A /* PersonalDiary */,
				6B1B1A3C2CF0ECA600E7328A /* Products */,
				A340EF24953C01CA5DD3551B /* Pods */,
				69863930BD780AA06D49BA30 /* Frameworks */,
			);
			sourceTree = "<group>";
		};
		6B1B1A3C2CF0ECA600E7328A /* Products */ = {
			isa = PBXGroup;
			children = (
				6B1B1A3B2CF0ECA600E7328A /* PersonalDiary.app */,
			);
			name = Products;
			sourceTree = "<group>";
		};
		6B1B1A602CF0ECAF00E7328A /* PersonalDiary */ = {
			isa = PBXGroup;
			children = (
				6BC785572CF2842D004C0B46 /* CoreData */,
				6B1B1A852CF279D000E7328A /* Extensions */,
				6B1B1A7F2CF2788100E7328A /* RecordForm */,
				6B1B1A762CF0EE6700E7328A /* Settings */,
				6B1B1A702CF0EE4700E7328A /* Calendar */,
				6B1B1A6B2CF0ED5200E7328A /* TabBar */,
				6B1B1A6A2CF0ECF900E7328A /* Root */,
				6B1B1A562CF0ECAF00E7328A /* AppDelegate.swift */,
				6B1B1A572CF0ECAF00E7328A /* Assets.xcassets */,
				6B1B1A582CF0ECAF00E7328A /* Info.plist */,
				6B1B1A5A2CF0ECAF00E7328A /* LaunchScreen.storyboard */,
				6B1B1A5D2CF0ECAF00E7328A /* PersonalDiary.xcdatamodeld */,
				6B1B1A5E2CF0ECAF00E7328A /* SceneDelegate.swift */,
			);
			path = PersonalDiary;
			sourceTree = "<group>";
		};
		6B1B1A6A2CF0ECF900E7328A /* Root */ = {
			isa = PBXGroup;
			children = (
				6B1B1A5F2CF0ECAF00E7328A /* RootViewController.swift */,
				6B1B1A5C2CF0ECAF00E7328A /* Root.storyboard */,
			);
			path = Root;
			sourceTree = "<group>";
		};
		6B1B1A6B2CF0ED5200E7328A /* TabBar */ = {
			isa = PBXGroup;
			children = (
				6B1B1A6E2CF0EE0100E7328A /* CustomTabBar.swift */,
				6B1B1A6C2CF0EDF800E7328A /* TabBarViewController.swift */,
			);
			path = TabBar;
			sourceTree = "<group>";
		};
		6B1B1A702CF0EE4700E7328A /* Calendar */ = {
			isa = PBXGroup;
			children = (
				6BC7855A2CF28A80004C0B46 /* ViewModel */,
				6B1B1A712CF0EE5100E7328A /* View */,
			);
			path = Calendar;
			sourceTree = "<group>";
		};
		6B1B1A712CF0EE5100E7328A /* View */ = {
			isa = PBXGroup;
			children = (
				6B1B1A722CF0EE6200E7328A /* CalendarViewController.swift */,
				6B1B1A732CF0EE6200E7328A /* CalendarViewController.xib */,
			);
			path = View;
			sourceTree = "<group>";
		};
		6B1B1A762CF0EE6700E7328A /* Settings */ = {
			isa = PBXGroup;
			children = (
				6B1B1A772CF0EE7300E7328A /* View */,
			);
			path = Settings;
			sourceTree = "<group>";
		};
		6B1B1A772CF0EE7300E7328A /* View */ = {
			isa = PBXGroup;
			children = (
				6B1B1A782CF0EE7F00E7328A /* SettingsViewController.swift */,
				6B1B1A792CF0EE7F00E7328A /* SettingsViewController.xib */,
			);
			path = View;
			sourceTree = "<group>";
		};
		6B1B1A7F2CF2788100E7328A /* RecordForm */ = {
			isa = PBXGroup;
			children = (
				6BC785542CF28394004C0B46 /* ViewModel */,
				6BC785512CF282F9004C0B46 /* Model */,
				6B1B1A802CF2788500E7328A /* View */,
			);
			path = RecordForm;
			sourceTree = "<group>";
		};
		6B1B1A802CF2788500E7328A /* View */ = {
			isa = PBXGroup;
			children = (
				6B1B1A812CF2789700E7328A /* RecordFormViewController.swift */,
				6B1B1A822CF2789700E7328A /* RecordFormViewController.xib */,
			);
			path = View;
			sourceTree = "<group>";
		};
		6B1B1A852CF279D000E7328A /* Extensions */ = {
			isa = PBXGroup;
			children = (
				6B1B1A8E2CF27A1F00E7328A /* Font */,
				6B1B1A862CF27A1F00E7328A /* BaseButton.swift */,
				6BC7854F2CF28131004C0B46 /* BaseTextView.swift */,
				6B1B1A8F2CF27A1F00E7328A /* PaddingTextField.swift */,
				6B1B1A902CF27A1F00E7328A /* PaddingTextView.swift */,
				6B1B1A912CF27A1F00E7328A /* ShadowView.swift */,
				6B1B1A922CF27A1F00E7328A /* String.swift */,
				6BC7855D2CF28B9B004C0B46 /* Date.swift */,
				6B1B1A932CF27A1F00E7328A /* UITextField.swift */,
				6B1B1A942CF27A1F00E7328A /* UIView.swift */,
				6B1B1A952CF27A1F00E7328A /* ViewController.swift */,
			);
			path = Extensions;
			sourceTree = "<group>";
		};
		6B1B1A8E2CF27A1F00E7328A /* Font */ = {
			isa = PBXGroup;
			children = (
				6B1B1A892CF27A1F00E7328A /* Font.swift */,
				6B1B1A8B2CF27A1F00E7328A /* SFProText-Medium.ttf */,
				6B1B1A8C2CF27A1F00E7328A /* SFProText-Regular.ttf */,
				6B1B1A8D2CF27A1F00E7328A /* SFProText-Semibold.ttf */,
			);
			path = Font;
			sourceTree = "<group>";
		};
		6BC785512CF282F9004C0B46 /* Model */ = {
			isa = PBXGroup;
			children = (
				6BC785522CF28306004C0B46 /* RecordModel.swift */,
			);
			path = Model;
			sourceTree = "<group>";
		};
		6BC785542CF28394004C0B46 /* ViewModel */ = {
			isa = PBXGroup;
			children = (
				6BC785552CF283D2004C0B46 /* RecordFormViewModel.swift */,
			);
			path = ViewModel;
			sourceTree = "<group>";
		};
		6BC785572CF2842D004C0B46 /* CoreData */ = {
			isa = PBXGroup;
			children = (
				6BC785582CF2843D004C0B46 /* CoreDataManager.swift */,
			);
			path = CoreData;
			sourceTree = "<group>";
		};
		6BC7855A2CF28A80004C0B46 /* ViewModel */ = {
			isa = PBXGroup;
			children = (
				6BC7855B2CF28A8C004C0B46 /* CalendarViewModel.swift */,
			);
			path = ViewModel;
			sourceTree = "<group>";
		};
		A340EF24953C01CA5DD3551B /* Pods */ = {
			isa = PBXGroup;
			children = (
				40D455CD2DF5C4380C9AF643 /* Pods-PersonalDiary.debug.xcconfig */,
				2E72C881673327BDF3050F8F /* Pods-PersonalDiary.release.xcconfig */,
			);
			path = Pods;
			sourceTree = "<group>";
		};
/* End PBXGroup section */

/* Begin PBXNativeTarget section */
		6B1B1A3A2CF0ECA600E7328A /* PersonalDiary */ = {
			isa = PBXNativeTarget;
			buildConfigurationList = 6B1B1A512CF0ECA800E7328A /* Build configuration list for PBXNativeTarget "PersonalDiary" */;
			buildPhases = (
				267DCB22E0031D07084A3769 /* [CP] Check Pods Manifest.lock */,
				6B1B1A372CF0ECA600E7328A /* Sources */,
				6B1B1A382CF0ECA600E7328A /* Frameworks */,
				6B1B1A392CF0ECA600E7328A /* Resources */,
				D6A1CFA555950E9D4E532DF7 /* [CP] Embed Pods Frameworks */,
			);
			buildRules = (
			);
			dependencies = (
			);
			name = PersonalDiary;
			productName = PersonalDiary;
			productReference = 6B1B1A3B2CF0ECA600E7328A /* PersonalDiary.app */;
			productType = "com.apple.product-type.application";
		};
/* End PBXNativeTarget section */

/* Begin PBXProject section */
		6B1B1A332CF0ECA600E7328A /* Project object */ = {
			isa = PBXProject;
			attributes = {
				BuildIndependentTargetsInParallel = 1;
				LastSwiftUpdateCheck = 1610;
				LastUpgradeCheck = 1610;
				TargetAttributes = {
					6B1B1A3A2CF0ECA600E7328A = {
						CreatedOnToolsVersion = 16.1;
					};
				};
			};
			buildConfigurationList = 6B1B1A362CF0ECA600E7328A /* Build configuration list for PBXProject "PersonalDiary" */;
			developmentRegion = en;
			hasScannedForEncodings = 0;
			knownRegions = (
				en,
				Base,
			);
			mainGroup = 6B1B1A322CF0ECA600E7328A;
			minimizedProjectReferenceProxies = 1;
			preferredProjectObjectVersion = 77;
			productRefGroup = 6B1B1A3C2CF0ECA600E7328A /* Products */;
			projectDirPath = "";
			projectRoot = "";
			targets = (
				6B1B1A3A2CF0ECA600E7328A /* PersonalDiary */,
			);
		};
/* End PBXProject section */

/* Begin PBXResourcesBuildPhase section */
		6B1B1A392CF0ECA600E7328A /* Resources */ = {
			isa = PBXResourcesBuildPhase;
			buildActionMask = 2147483647;
			files = (
				6B1B1A742CF0EE6200E7328A /* CalendarViewController.xib in Resources */,
				6B1B1A622CF0ECAF00E7328A /* Assets.xcassets in Resources */,
				6B1B1A642CF0ECAF00E7328A /* LaunchScreen.storyboard in Resources */,
				6B1B1A842CF2789700E7328A /* RecordFormViewController.xib in Resources */,
				6B1B1A652CF0ECAF00E7328A /* Root.storyboard in Resources */,
				6B1B1A962CF27A1F00E7328A /* SFProText-Medium.ttf in Resources */,
				6B1B1A972CF27A1F00E7328A /* SFProText-Regular.ttf in Resources */,
				6B1B1A982CF27A1F00E7328A /* SFProText-Semibold.ttf in Resources */,
				6B1B1A7B2CF0EE7F00E7328A /* SettingsViewController.xib in Resources */,
			);
			runOnlyForDeploymentPostprocessing = 0;
		};
/* End PBXResourcesBuildPhase section */

/* Begin PBXShellScriptBuildPhase section */
		267DCB22E0031D07084A3769 /* [CP] Check Pods Manifest.lock */ = {
			isa = PBXShellScriptBuildPhase;
			buildActionMask = 2147483647;
			files = (
			);
			inputFileListPaths = (
			);
			inputPaths = (
				"${PODS_PODFILE_DIR_PATH}/Podfile.lock",
				"${PODS_ROOT}/Manifest.lock",
			);
			name = "[CP] Check Pods Manifest.lock";
			outputFileListPaths = (
			);
			outputPaths = (
				"$(DERIVED_FILE_DIR)/Pods-PersonalDiary-checkManifestLockResult.txt",
			);
			runOnlyForDeploymentPostprocessing = 0;
			shellPath = /bin/sh;
			shellScript = "diff \"${PODS_PODFILE_DIR_PATH}/Podfile.lock\" \"${PODS_ROOT}/Manifest.lock\" > /dev/null\nif [ $? != 0 ] ; then\n    # print error to STDERR\n    echo \"error: The sandbox is not in sync with the Podfile.lock. Run 'pod install' or update your CocoaPods installation.\" >&2\n    exit 1\nfi\n# This output is used by Xcode 'outputs' to avoid re-running this script phase.\necho \"SUCCESS\" > \"${SCRIPT_OUTPUT_FILE_0}\"\n";
			showEnvVarsInLog = 0;
		};
		D6A1CFA555950E9D4E532DF7 /* [CP] Embed Pods Frameworks */ = {
			isa = PBXShellScriptBuildPhase;
			buildActionMask = 2147483647;
			files = (
			);
			inputFileListPaths = (
				"${PODS_ROOT}/Target Support Files/Pods-PersonalDiary/Pods-PersonalDiary-frameworks-${CONFIGURATION}-input-files.xcfilelist",
			);
			name = "[CP] Embed Pods Frameworks";
			outputFileListPaths = (
				"${PODS_ROOT}/Target Support Files/Pods-PersonalDiary/Pods-PersonalDiary-frameworks-${CONFIGURATION}-output-files.xcfilelist",
			);
			runOnlyForDeploymentPostprocessing = 0;
			shellPath = /bin/sh;
			shellScript = "\"${PODS_ROOT}/Target Support Files/Pods-PersonalDiary/Pods-PersonalDiary-frameworks.sh\"\n";
			showEnvVarsInLog = 0;
		};
/* End PBXShellScriptBuildPhase section */

/* Begin PBXSourcesBuildPhase section */
		6B1B1A372CF0ECA600E7328A /* Sources */ = {
			isa = PBXSourcesBuildPhase;
			buildActionMask = 2147483647;
			files = (
				6B1B1A662CF0ECAF00E7328A /* AppDelegate.swift in Sources */,
				6B1B1A672CF0ECAF00E7328A /* PersonalDiary.xcdatamodeld in Sources */,
				6B1B1A832CF2789700E7328A /* RecordFormViewController.swift in Sources */,
				6BC785502CF28131004C0B46 /* BaseTextView.swift in Sources */,
				6B1B1A682CF0ECAF00E7328A /* SceneDelegate.swift in Sources */,
				6BC7855C2CF28A8C004C0B46 /* CalendarViewModel.swift in Sources */,
				6B1B1A6D2CF0EDF800E7328A /* TabBarViewController.swift in Sources */,
				6B1B1A6F2CF0EE0100E7328A /* CustomTabBar.swift in Sources */,
				6B1B1A752CF0EE6200E7328A /* CalendarViewController.swift in Sources */,
				6BC785532CF28306004C0B46 /* RecordModel.swift in Sources */,
				6B1B1A692CF0ECAF00E7328A /* RootViewController.swift in Sources */,
				6BC785592CF2843D004C0B46 /* CoreDataManager.swift in Sources */,
				6B1B1A9A2CF27A1F00E7328A /* Font.swift in Sources */,
				6B1B1A9B2CF27A1F00E7328A /* PaddingTextField.swift in Sources */,
				6B1B1A9D2CF27A1F00E7328A /* UITextField.swift in Sources */,
				6B1B1A9E2CF27A1F00E7328A /* ShadowView.swift in Sources */,
				6B1B1A9F2CF27A1F00E7328A /* PaddingTextView.swift in Sources */,
				6B1B1AA02CF27A1F00E7328A /* BaseButton.swift in Sources */,
				6BC785562CF283D2004C0B46 /* RecordFormViewModel.swift in Sources */,
				6BC7855E2CF28B9B004C0B46 /* Date.swift in Sources */,
				6B1B1AA12CF27A1F00E7328A /* UIView.swift in Sources */,
				6B1B1AA22CF27A1F00E7328A /* String.swift in Sources */,
				6B1B1AA42CF27A1F00E7328A /* ViewController.swift in Sources */,
				6B1B1A7A2CF0EE7F00E7328A /* SettingsViewController.swift in Sources */,
			);
			runOnlyForDeploymentPostprocessing = 0;
		};
/* End PBXSourcesBuildPhase section */

/* Begin PBXVariantGroup section */
		6B1B1A5A2CF0ECAF00E7328A /* LaunchScreen.storyboard */ = {
			isa = PBXVariantGroup;
			children = (
				6B1B1A592CF0ECAF00E7328A /* Base */,
			);
			name = LaunchScreen.storyboard;
			sourceTree = "<group>";
		};
		6B1B1A5C2CF0ECAF00E7328A /* Root.storyboard */ = {
			isa = PBXVariantGroup;
			children = (
				6B1B1A5B2CF0ECAF00E7328A /* Base */,
			);
			name = Root.storyboard;
			sourceTree = "<group>";
		};
/* End PBXVariantGroup section */

/* Begin XCBuildConfiguration section */
		6B1B1A522CF0ECA800E7328A /* Debug */ = {
			isa = XCBuildConfiguration;
			baseConfigurationReference = 40D455CD2DF5C4380C9AF643 /* Pods-PersonalDiary.debug.xcconfig */;
			buildSettings = {
				ASSETCATALOG_COMPILER_APPICON_NAME = AppIcon;
				ASSETCATALOG_COMPILER_GLOBAL_ACCENT_COLOR_NAME = AccentColor;
				CODE_SIGN_STYLE = Automatic;
				CURRENT_PROJECT_VERSION = 1;
				DEVELOPMENT_TEAM = 9YUSQBCAX9;
				GENERATE_INFOPLIST_FILE = YES;
				INFOPLIST_FILE = PersonalDiary/Info.plist;
				INFOPLIST_KEY_UIApplicationSupportsIndirectInputEvents = YES;
				INFOPLIST_KEY_UILaunchStoryboardName = LaunchScreen;
				INFOPLIST_KEY_UIMainStoryboardFile = Root;
				INFOPLIST_KEY_UISupportedInterfaceOrientations = UIInterfaceOrientationPortrait;
				INFOPLIST_KEY_UISupportedInterfaceOrientations_iPad = "UIInterfaceOrientationLandscapeLeft UIInterfaceOrientationLandscapeRight UIInterfaceOrientationPortrait UIInterfaceOrientationPortraitUpsideDown";
				IPHONEOS_DEPLOYMENT_TARGET = 15.0;
				LD_RUNPATH_SEARCH_PATHS = (
					"$(inherited)",
					"@executable_path/Frameworks",
				);
				MARKETING_VERSION = 1.0;
				PRODUCT_BUNDLE_IDENTIFIER = Karen.PersonalDiary;
				PRODUCT_NAME = "$(TARGET_NAME)";
				SUPPORTED_PLATFORMS = "iphoneos iphonesimulator";
				SUPPORTS_MACCATALYST = NO;
				SWIFT_EMIT_LOC_STRINGS = YES;
				SWIFT_VERSION = 5.0;
				TARGETED_DEVICE_FAMILY = 1;
			};
			name = Debug;
		};
		6B1B1A532CF0ECA800E7328A /* Release */ = {
			isa = XCBuildConfiguration;
			baseConfigurationReference = 2E72C881673327BDF3050F8F /* Pods-PersonalDiary.release.xcconfig */;
			buildSettings = {
				ASSETCATALOG_COMPILER_APPICON_NAME = AppIcon;
				ASSETCATALOG_COMPILER_GLOBAL_ACCENT_COLOR_NAME = AccentColor;
				CODE_SIGN_STYLE = Automatic;
				CURRENT_PROJECT_VERSION = 1;
				DEVELOPMENT_TEAM = 9YUSQBCAX9;
				GENERATE_INFOPLIST_FILE = YES;
				INFOPLIST_FILE = PersonalDiary/Info.plist;
				INFOPLIST_KEY_UIApplicationSupportsIndirectInputEvents = YES;
				INFOPLIST_KEY_UILaunchStoryboardName = LaunchScreen;
				INFOPLIST_KEY_UIMainStoryboardFile = Root;
				INFOPLIST_KEY_UISupportedInterfaceOrientations = UIInterfaceOrientationPortrait;
				INFOPLIST_KEY_UISupportedInterfaceOrientations_iPad = "UIInterfaceOrientationLandscapeLeft UIInterfaceOrientationLandscapeRight UIInterfaceOrientationPortrait UIInterfaceOrientationPortraitUpsideDown";
				IPHONEOS_DEPLOYMENT_TARGET = 15.0;
				LD_RUNPATH_SEARCH_PATHS = (
					"$(inherited)",
					"@executable_path/Frameworks",
				);
				MARKETING_VERSION = 1.0;
				PRODUCT_BUNDLE_IDENTIFIER = Karen.PersonalDiary;
				PRODUCT_NAME = "$(TARGET_NAME)";
				SUPPORTED_PLATFORMS = "iphoneos iphonesimulator";
				SUPPORTS_MACCATALYST = NO;
				SWIFT_EMIT_LOC_STRINGS = YES;
				SWIFT_VERSION = 5.0;
				TARGETED_DEVICE_FAMILY = 1;
			};
			name = Release;
		};
		6B1B1A542CF0ECA800E7328A /* Debug */ = {
			isa = XCBuildConfiguration;
			buildSettings = {
				ALWAYS_SEARCH_USER_PATHS = NO;
				ASSETCATALOG_COMPILER_GENERATE_SWIFT_ASSET_SYMBOL_EXTENSIONS = YES;
				CLANG_ANALYZER_NONNULL = YES;
				CLANG_ANALYZER_NUMBER_OBJECT_CONVERSION = YES_AGGRESSIVE;
				CLANG_CXX_LANGUAGE_STANDARD = "gnu++20";
				CLANG_ENABLE_MODULES = YES;
				CLANG_ENABLE_OBJC_ARC = YES;
				CLANG_ENABLE_OBJC_WEAK = YES;
				CLANG_WARN_BLOCK_CAPTURE_AUTORELEASING = YES;
				CLANG_WARN_BOOL_CONVERSION = YES;
				CLANG_WARN_COMMA = YES;
				CLANG_WARN_CONSTANT_CONVERSION = YES;
				CLANG_WARN_DEPRECATED_OBJC_IMPLEMENTATIONS = YES;
				CLANG_WARN_DIRECT_OBJC_ISA_USAGE = YES_ERROR;
				CLANG_WARN_DOCUMENTATION_COMMENTS = YES;
				CLANG_WARN_EMPTY_BODY = YES;
				CLANG_WARN_ENUM_CONVERSION = YES;
				CLANG_WARN_INFINITE_RECURSION = YES;
				CLANG_WARN_INT_CONVERSION = YES;
				CLANG_WARN_NON_LITERAL_NULL_CONVERSION = YES;
				CLANG_WARN_OBJC_IMPLICIT_RETAIN_SELF = YES;
				CLANG_WARN_OBJC_LITERAL_CONVERSION = YES;
				CLANG_WARN_OBJC_ROOT_CLASS = YES_ERROR;
				CLANG_WARN_QUOTED_INCLUDE_IN_FRAMEWORK_HEADER = YES;
				CLANG_WARN_RANGE_LOOP_ANALYSIS = YES;
				CLANG_WARN_STRICT_PROTOTYPES = YES;
				CLANG_WARN_SUSPICIOUS_MOVE = YES;
				CLANG_WARN_UNGUARDED_AVAILABILITY = YES_AGGRESSIVE;
				CLANG_WARN_UNREACHABLE_CODE = YES;
				CLANG_WARN__DUPLICATE_METHOD_MATCH = YES;
				COPY_PHASE_STRIP = NO;
				DEBUG_INFORMATION_FORMAT = dwarf;
				ENABLE_STRICT_OBJC_MSGSEND = YES;
				ENABLE_TESTABILITY = YES;
				ENABLE_USER_SCRIPT_SANDBOXING = NO;
				GCC_C_LANGUAGE_STANDARD = gnu17;
				GCC_DYNAMIC_NO_PIC = NO;
				GCC_NO_COMMON_BLOCKS = YES;
				GCC_OPTIMIZATION_LEVEL = 0;
				GCC_PREPROCESSOR_DEFINITIONS = (
					"DEBUG=1",
					"$(inherited)",
				);
				GCC_WARN_64_TO_32_BIT_CONVERSION = YES;
				GCC_WARN_ABOUT_RETURN_TYPE = YES_ERROR;
				GCC_WARN_UNDECLARED_SELECTOR = YES;
				GCC_WARN_UNINITIALIZED_AUTOS = YES_AGGRESSIVE;
				GCC_WARN_UNUSED_FUNCTION = YES;
				GCC_WARN_UNUSED_VARIABLE = YES;
				IPHONEOS_DEPLOYMENT_TARGET = 18.1;
				LOCALIZATION_PREFERS_STRING_CATALOGS = YES;
				MTL_ENABLE_DEBUG_INFO = INCLUDE_SOURCE;
				MTL_FAST_MATH = YES;
				ONLY_ACTIVE_ARCH = YES;
				SDKROOT = iphoneos;
				SWIFT_ACTIVE_COMPILATION_CONDITIONS = "DEBUG $(inherited)";
				SWIFT_OPTIMIZATION_LEVEL = "-Onone";
			};
			name = Debug;
		};
		6B1B1A552CF0ECA800E7328A /* Release */ = {
			isa = XCBuildConfiguration;
			buildSettings = {
				ALWAYS_SEARCH_USER_PATHS = NO;
				ASSETCATALOG_COMPILER_GENERATE_SWIFT_ASSET_SYMBOL_EXTENSIONS = YES;
				CLANG_ANALYZER_NONNULL = YES;
				CLANG_ANALYZER_NUMBER_OBJECT_CONVERSION = YES_AGGRESSIVE;
				CLANG_CXX_LANGUAGE_STANDARD = "gnu++20";
				CLANG_ENABLE_MODULES = YES;
				CLANG_ENABLE_OBJC_ARC = YES;
				CLANG_ENABLE_OBJC_WEAK = YES;
				CLANG_WARN_BLOCK_CAPTURE_AUTORELEASING = YES;
				CLANG_WARN_BOOL_CONVERSION = YES;
				CLANG_WARN_COMMA = YES;
				CLANG_WARN_CONSTANT_CONVERSION = YES;
				CLANG_WARN_DEPRECATED_OBJC_IMPLEMENTATIONS = YES;
				CLANG_WARN_DIRECT_OBJC_ISA_USAGE = YES_ERROR;
				CLANG_WARN_DOCUMENTATION_COMMENTS = YES;
				CLANG_WARN_EMPTY_BODY = YES;
				CLANG_WARN_ENUM_CONVERSION = YES;
				CLANG_WARN_INFINITE_RECURSION = YES;
				CLANG_WARN_INT_CONVERSION = YES;
				CLANG_WARN_NON_LITERAL_NULL_CONVERSION = YES;
				CLANG_WARN_OBJC_IMPLICIT_RETAIN_SELF = YES;
				CLANG_WARN_OBJC_LITERAL_CONVERSION = YES;
				CLANG_WARN_OBJC_ROOT_CLASS = YES_ERROR;
				CLANG_WARN_QUOTED_INCLUDE_IN_FRAMEWORK_HEADER = YES;
				CLANG_WARN_RANGE_LOOP_ANALYSIS = YES;
				CLANG_WARN_STRICT_PROTOTYPES = YES;
				CLANG_WARN_SUSPICIOUS_MOVE = YES;
				CLANG_WARN_UNGUARDED_AVAILABILITY = YES_AGGRESSIVE;
				CLANG_WARN_UNREACHABLE_CODE = YES;
				CLANG_WARN__DUPLICATE_METHOD_MATCH = YES;
				COPY_PHASE_STRIP = NO;
				DEBUG_INFORMATION_FORMAT = "dwarf-with-dsym";
				ENABLE_NS_ASSERTIONS = NO;
				ENABLE_STRICT_OBJC_MSGSEND = YES;
				ENABLE_USER_SCRIPT_SANDBOXING = NO;
				GCC_C_LANGUAGE_STANDARD = gnu17;
				GCC_NO_COMMON_BLOCKS = YES;
				GCC_WARN_64_TO_32_BIT_CONVERSION = YES;
				GCC_WARN_ABOUT_RETURN_TYPE = YES_ERROR;
				GCC_WARN_UNDECLARED_SELECTOR = YES;
				GCC_WARN_UNINITIALIZED_AUTOS = YES_AGGRESSIVE;
				GCC_WARN_UNUSED_FUNCTION = YES;
				GCC_WARN_UNUSED_VARIABLE = YES;
				IPHONEOS_DEPLOYMENT_TARGET = 18.1;
				LOCALIZATION_PREFERS_STRING_CATALOGS = YES;
				MTL_ENABLE_DEBUG_INFO = NO;
				MTL_FAST_MATH = YES;
				SDKROOT = iphoneos;
				SWIFT_COMPILATION_MODE = wholemodule;
				VALIDATE_PRODUCT = YES;
			};
			name = Release;
		};
/* End XCBuildConfiguration section */

/* Begin XCConfigurationList section */
		6B1B1A362CF0ECA600E7328A /* Build configuration list for PBXProject "PersonalDiary" */ = {
			isa = XCConfigurationList;
			buildConfigurations = (
				6B1B1A542CF0ECA800E7328A /* Debug */,
				6B1B1A552CF0ECA800E7328A /* Release */,
			);
			defaultConfigurationIsVisible = 0;
			defaultConfigurationName = Release;
		};
		6B1B1A512CF0ECA800E7328A /* Build configuration list for PBXNativeTarget "PersonalDiary" */ = {
			isa = XCConfigurationList;
			buildConfigurations = (
				6B1B1A522CF0ECA800E7328A /* Debug */,
				6B1B1A532CF0ECA800E7328A /* Release */,
			);
			defaultConfigurationIsVisible = 0;
			defaultConfigurationName = Release;
		};
/* End XCConfigurationList section */

/* Begin XCVersionGroup section */
		6B1B1A5D2CF0ECAF00E7328A /* PersonalDiary.xcdatamodeld */ = {
			isa = XCVersionGroup;
			children = (
				6B1B1A612CF0ECAF00E7328A /* PersonalDiary.xcdatamodel */,
			);
			currentVersion = 6B1B1A612CF0ECAF00E7328A /* PersonalDiary.xcdatamodel */;
			path = PersonalDiary.xcdatamodeld;
			sourceTree = "<group>";
			versionGroupType = wrapper.xcdatamodel;
		};
/* End XCVersionGroup section */
	};
	rootObject = 6B1B1A332CF0ECA600E7328A /* Project object */;
}
